PODS:
  - TwilioConversationsClient (1.0.0)

DEPENDENCIES:
  - TwilioConversationsClient (~> 1)

SPEC REPOS:
  trunk:
    - TwilioConversationsClient

SPEC CHECKSUMS:
  TwilioConversationsClient: 813c4cb9b4f7ce7dfe3beb4bb37ae388d3ffb596

PODFILE CHECKSUM: 270e0b08d782d0f024d74805c2bddea887c7fb72

COCOAPODS: 1.10.0.rc.1
