// !$*UTF8*$!
{
	archiveVersion = 1;
	classes = {
	};
	objectVersion = 46;
	objects = {

/* Begin PBXBuildFile section */
		58083A531D20635A008ECE1E /* ReactionsView.m in Sources */ = {isa = PBXBuildFile; fileRef = 58083A521D20635A008ECE1E /* ReactionsView.m */; };
		58083A591D22D84A008ECE1E /* UserListViewController.m in Sources */ = {isa = PBXBuildFile; fileRef = 58083A581D22D84A008ECE1E /* UserListViewController.m */; };
		581B5C8B1C7FC8A800F16460 /* SeenByTableViewCell.m in Sources */ = {isa = PBXBuildFile; fileRef = 581B5C8A1C7FC8A800F16460 /* SeenByTableViewCell.m */; };
		58223ABD1B69571C00F0DF97 /* main.m in Sources */ = {isa = PBXBuildFile; fileRef = 58223ABC1B69571C00F0DF97 /* main.m */; };
		58223AC01B69571C00F0DF97 /* AppDelegate.m in Sources */ = {isa = PBXBuildFile; fileRef = 58223ABF1B69571C00F0DF97 /* AppDelegate.m */; };
		58223AC31B69571C00F0DF97 /* ChannelListViewController.m in Sources */ = {isa = PBXBuildFile; fileRef = 58223AC21B69571C00F0DF97 /* ChannelListViewController.m */; };
		58223AC61B69571C00F0DF97 /* Main.storyboard in Resources */ = {isa = PBXBuildFile; fileRef = 58223AC41B69571C00F0DF97 /* Main.storyboard */; };
		58223AC81B69571C00F0DF97 /* Images.xcassets in Resources */ = {isa = PBXBuildFile; fileRef = 58223AC71B69571C00F0DF97 /* Images.xcassets */; };
		58223ACB1B69571C00F0DF97 /* LaunchScreen.xib in Resources */ = {isa = PBXBuildFile; fileRef = 58223AC91B69571C00F0DF97 /* LaunchScreen.xib */; };
		58223B4C1B6AA07600F0DF97 /* libc++.dylib in Frameworks */ = {isa = PBXBuildFile; fileRef = 58223B4B1B6AA07600F0DF97 /* libc++.dylib */; };
		583660181DDA4F51004D6B1D /* PublicChannelListViewController.m in Sources */ = {isa = PBXBuildFile; fileRef = 583660171DDA4F51004D6B1D /* PublicChannelListViewController.m */; };
		583D81461B6FA82E00BF3C56 /* ChannelTableViewCell.m in Sources */ = {isa = PBXBuildFile; fileRef = 583D81451B6FA82E00BF3C56 /* ChannelTableViewCell.m */; };
		584C05901D204EA000F0DBC9 /* ReactionView.m in Sources */ = {isa = PBXBuildFile; fileRef = 584C058F1D204EA000F0DBC9 /* ReactionView.m */; };
		58652D051BC5BBC800250FEA /* MemberTypingTableViewCell.m in Sources */ = {isa = PBXBuildFile; fileRef = 58652D041BC5BBC800250FEA /* MemberTypingTableViewCell.m */; };
		58D509101B7B78D20093B5F1 /* ChannelViewController.m in Sources */ = {isa = PBXBuildFile; fileRef = 58D5090F1B7B78D20093B5F1 /* ChannelViewController.m */; };
		58D509131B7B7AF00093B5F1 /* MessageTableViewCell.m in Sources */ = {isa = PBXBuildFile; fileRef = 58D509121B7B7AF00093B5F1 /* MessageTableViewCell.m */; };
		58E2F6431DA8209D00A5F23C /* ChatManager.m in Sources */ = {isa = PBXBuildFile; fileRef = 58E2F6411DA8209D00A5F23C /* ChatManager.m */; };
		58F878431BCD75450097F014 /* LoginViewController.m in Sources */ = {isa = PBXBuildFile; fileRef = 58F878421BCD75450097F014 /* LoginViewController.m */; };
		58FB4B201B8E5A8800DDF5B8 /* DemoHelpers.m in Sources */ = {isa = PBXBuildFile; fileRef = 58FB4B1F1B8E5A8800DDF5B8 /* DemoHelpers.m */; };
		58FCC7971F33AEF1007A4E0D /* ImageMessageTableViewCell.m in Sources */ = {isa = PBXBuildFile; fileRef = 58FCC7961F33AEF1007A4E0D /* ImageMessageTableViewCell.m */; };
		E8B33DEDA6B7BFAFD2AC641E /* libPods-Demo-ObjC.a in Frameworks */ = {isa = PBXBuildFile; fileRef = 36AA7AAB0C32FA13C5B728A3 /* libPods-Demo-ObjC.a */; };
/* End PBXBuildFile section */

/* Begin PBXFileReference section */
		0CC808D0D742EE6DEDEA0CCD /* Pods-Demo-ObjC.release.xcconfig */ = {isa = PBXFileReference; includeInIndex = 1; lastKnownFileType = text.xcconfig; name = "Pods-Demo-ObjC.release.xcconfig"; path = "Target Support Files/Pods-Demo-ObjC/Pods-Demo-ObjC.release.xcconfig"; sourceTree = "<group>"; };
		36AA7AAB0C32FA13C5B728A3 /* libPods-Demo-ObjC.a */ = {isa = PBXFileReference; explicitFileType = archive.ar; includeInIndex = 0; path = "libPods-Demo-ObjC.a"; sourceTree = BUILT_PRODUCTS_DIR; };
		54AFEE10F4AE436CBB4FBD73 /* Pods-Demo-ObjC.debug.xcconfig */ = {isa = PBXFileReference; includeInIndex = 1; lastKnownFileType = text.xcconfig; name = "Pods-Demo-ObjC.debug.xcconfig"; path = "Target Support Files/Pods-Demo-ObjC/Pods-Demo-ObjC.debug.xcconfig"; sourceTree = "<group>"; };
		58083A511D20635A008ECE1E /* ReactionsView.h */ = {isa = PBXFileReference; fileEncoding = 4; lastKnownFileType = sourcecode.c.h; path = ReactionsView.h; sourceTree = "<group>"; };
		58083A521D20635A008ECE1E /* ReactionsView.m */ = {isa = PBXFileReference; fileEncoding = 4; lastKnownFileType = sourcecode.c.objc; path = ReactionsView.m; sourceTree = "<group>"; };
		58083A571D22D84A008ECE1E /* UserListViewController.h */ = {isa = PBXFileReference; fileEncoding = 4; lastKnownFileType = sourcecode.c.h; path = UserListViewController.h; sourceTree = "<group>"; };
		58083A581D22D84A008ECE1E /* UserListViewController.m */ = {isa = PBXFileReference; fileEncoding = 4; lastKnownFileType = sourcecode.c.objc; path = UserListViewController.m; sourceTree = "<group>"; };
		581B5C891C7FC8A800F16460 /* SeenByTableViewCell.h */ = {isa = PBXFileReference; fileEncoding = 4; lastKnownFileType = sourcecode.c.h; path = SeenByTableViewCell.h; sourceTree = "<group>"; };
		581B5C8A1C7FC8A800F16460 /* SeenByTableViewCell.m */ = {isa = PBXFileReference; fileEncoding = 4; lastKnownFileType = sourcecode.c.objc; path = SeenByTableViewCell.m; sourceTree = "<group>"; };
		58223AB71B69571C00F0DF97 /* Demo-ObjC.app */ = {isa = PBXFileReference; explicitFileType = wrapper.application; includeInIndex = 0; path = "Demo-ObjC.app"; sourceTree = BUILT_PRODUCTS_DIR; };
		58223ABB1B69571C00F0DF97 /* Info.plist */ = {isa = PBXFileReference; lastKnownFileType = text.plist.xml; path = Info.plist; sourceTree = "<group>"; };
		58223ABC1B69571C00F0DF97 /* main.m */ = {isa = PBXFileReference; lastKnownFileType = sourcecode.c.objc; path = main.m; sourceTree = "<group>"; };
		58223ABE1B69571C00F0DF97 /* AppDelegate.h */ = {isa = PBXFileReference; lastKnownFileType = sourcecode.c.h; path = AppDelegate.h; sourceTree = "<group>"; };
		58223ABF1B69571C00F0DF97 /* AppDelegate.m */ = {isa = PBXFileReference; lastKnownFileType = sourcecode.c.objc; path = AppDelegate.m; sourceTree = "<group>"; };
		58223AC11B69571C00F0DF97 /* ChannelListViewController.h */ = {isa = PBXFileReference; lastKnownFileType = sourcecode.c.h; path = ChannelListViewController.h; sourceTree = "<group>"; };
		58223AC21B69571C00F0DF97 /* ChannelListViewController.m */ = {isa = PBXFileReference; lastKnownFileType = sourcecode.c.objc; path = ChannelListViewController.m; sourceTree = "<group>"; };
		58223AC51B69571C00F0DF97 /* Base */ = {isa = PBXFileReference; lastKnownFileType = file.storyboard; name = Base; path = Base.lproj/Main.storyboard; sourceTree = "<group>"; };
		58223AC71B69571C00F0DF97 /* Images.xcassets */ = {isa = PBXFileReference; lastKnownFileType = folder.assetcatalog; path = Images.xcassets; sourceTree = "<group>"; };
		58223ACA1B69571C00F0DF97 /* Base */ = {isa = PBXFileReference; lastKnownFileType = file.xib; name = Base; path = Base.lproj/LaunchScreen.xib; sourceTree = "<group>"; };
		58223B4B1B6AA07600F0DF97 /* libc++.dylib */ = {isa = PBXFileReference; lastKnownFileType = "compiled.mach-o.dylib"; name = "libc++.dylib"; path = "usr/lib/libc++.dylib"; sourceTree = SDKROOT; };
		583660161DDA4F51004D6B1D /* PublicChannelListViewController.h */ = {isa = PBXFileReference; fileEncoding = 4; lastKnownFileType = sourcecode.c.h; path = PublicChannelListViewController.h; sourceTree = "<group>"; };
		583660171DDA4F51004D6B1D /* PublicChannelListViewController.m */ = {isa = PBXFileReference; fileEncoding = 4; lastKnownFileType = sourcecode.c.objc; path = PublicChannelListViewController.m; sourceTree = "<group>"; };
		583D81441B6FA82E00BF3C56 /* ChannelTableViewCell.h */ = {isa = PBXFileReference; fileEncoding = 4; lastKnownFileType = sourcecode.c.h; path = ChannelTableViewCell.h; sourceTree = "<group>"; };
		583D81451B6FA82E00BF3C56 /* ChannelTableViewCell.m */ = {isa = PBXFileReference; fileEncoding = 4; lastKnownFileType = sourcecode.c.objc; path = ChannelTableViewCell.m; sourceTree = "<group>"; };
		584C058E1D204EA000F0DBC9 /* ReactionView.h */ = {isa = PBXFileReference; fileEncoding = 4; lastKnownFileType = sourcecode.c.h; path = ReactionView.h; sourceTree = "<group>"; };
		584C058F1D204EA000F0DBC9 /* ReactionView.m */ = {isa = PBXFileReference; fileEncoding = 4; lastKnownFileType = sourcecode.c.objc; path = ReactionView.m; sourceTree = "<group>"; };
		58652D031BC5BBC800250FEA /* MemberTypingTableViewCell.h */ = {isa = PBXFileReference; fileEncoding = 4; lastKnownFileType = sourcecode.c.h; path = MemberTypingTableViewCell.h; sourceTree = "<group>"; };
		58652D041BC5BBC800250FEA /* MemberTypingTableViewCell.m */ = {isa = PBXFileReference; fileEncoding = 4; lastKnownFileType = sourcecode.c.objc; path = MemberTypingTableViewCell.m; sourceTree = "<group>"; };
		58D5090E1B7B78D20093B5F1 /* ChannelViewController.h */ = {isa = PBXFileReference; fileEncoding = 4; lastKnownFileType = sourcecode.c.h; path = ChannelViewController.h; sourceTree = "<group>"; };
		58D5090F1B7B78D20093B5F1 /* ChannelViewController.m */ = {isa = PBXFileReference; fileEncoding = 4; lastKnownFileType = sourcecode.c.objc; path = ChannelViewController.m; sourceTree = "<group>"; };
		58D509111B7B7AF00093B5F1 /* MessageTableViewCell.h */ = {isa = PBXFileReference; fileEncoding = 4; lastKnownFileType = sourcecode.c.h; path = MessageTableViewCell.h; sourceTree = "<group>"; };
		58D509121B7B7AF00093B5F1 /* MessageTableViewCell.m */ = {isa = PBXFileReference; fileEncoding = 4; lastKnownFileType = sourcecode.c.objc; path = MessageTableViewCell.m; sourceTree = "<group>"; };
		58E2F6411DA8209D00A5F23C /* ChatManager.m */ = {isa = PBXFileReference; fileEncoding = 4; lastKnownFileType = sourcecode.c.objc; path = ChatManager.m; sourceTree = "<group>"; };
		58E2F6421DA8209D00A5F23C /* ChatManager.h */ = {isa = PBXFileReference; fileEncoding = 4; lastKnownFileType = sourcecode.c.h; path = ChatManager.h; sourceTree = "<group>"; };
		58F878411BCD75450097F014 /* LoginViewController.h */ = {isa = PBXFileReference; fileEncoding = 4; lastKnownFileType = sourcecode.c.h; path = LoginViewController.h; sourceTree = "<group>"; };
		58F878421BCD75450097F014 /* LoginViewController.m */ = {isa = PBXFileReference; fileEncoding = 4; lastKnownFileType = sourcecode.c.objc; path = LoginViewController.m; sourceTree = "<group>"; };
		58FB4B1E1B8E5A8800DDF5B8 /* DemoHelpers.h */ = {isa = PBXFileReference; fileEncoding = 4; lastKnownFileType = sourcecode.c.h; path = DemoHelpers.h; sourceTree = "<group>"; };
		58FB4B1F1B8E5A8800DDF5B8 /* DemoHelpers.m */ = {isa = PBXFileReference; fileEncoding = 4; lastKnownFileType = sourcecode.c.objc; path = DemoHelpers.m; sourceTree = "<group>"; };
		58FCC7951F33AEF1007A4E0D /* ImageMessageTableViewCell.h */ = {isa = PBXFileReference; fileEncoding = 4; lastKnownFileType = sourcecode.c.h; path = ImageMessageTableViewCell.h; sourceTree = "<group>"; };
		58FCC7961F33AEF1007A4E0D /* ImageMessageTableViewCell.m */ = {isa = PBXFileReference; fileEncoding = 4; lastKnownFileType = sourcecode.c.objc; path = ImageMessageTableViewCell.m; sourceTree = "<group>"; };
/* End PBXFileReference section */

/* Begin PBXFrameworksBuildPhase section */
		58223AB41B69571C00F0DF97 /* Frameworks */ = {
			isa = PBXFrameworksBuildPhase;
			buildActionMask = 2147483647;
			files = (
				58223B4C1B6AA07600F0DF97 /* libc++.dylib in Frameworks */,
				E8B33DEDA6B7BFAFD2AC641E /* libPods-Demo-ObjC.a in Frameworks */,
			);
			runOnlyForDeploymentPostprocessing = 0;
		};
/* End PBXFrameworksBuildPhase section */

/* Begin PBXGroup section */
		4A522C4DA4EFEEBF78F9254D /* Pods */ = {
			isa = PBXGroup;
			children = (
				54AFEE10F4AE436CBB4FBD73 /* Pods-Demo-ObjC.debug.xcconfig */,
				0CC808D0D742EE6DEDEA0CCD /* Pods-Demo-ObjC.release.xcconfig */,
			);
			path = Pods;
			sourceTree = "<group>";
		};
		58223AAE1B69571C00F0DF97 = {
			isa = PBXGroup;
			children = (
				58223B4B1B6AA07600F0DF97 /* libc++.dylib */,
				58223AB91B69571C00F0DF97 /* Demo-ObjC */,
				58223AB81B69571C00F0DF97 /* Products */,
				4A522C4DA4EFEEBF78F9254D /* Pods */,
				CF30C65ACB146D618A99C745 /* Frameworks */,
			);
			sourceTree = "<group>";
		};
		58223AB81B69571C00F0DF97 /* Products */ = {
			isa = PBXGroup;
			children = (
				58223AB71B69571C00F0DF97 /* Demo-ObjC.app */,
			);
			name = Products;
			sourceTree = "<group>";
		};
		58223AB91B69571C00F0DF97 /* Demo-ObjC */ = {
			isa = PBXGroup;
			children = (
				58223ABE1B69571C00F0DF97 /* AppDelegate.h */,
				58223ABF1B69571C00F0DF97 /* AppDelegate.m */,
				58F878411BCD75450097F014 /* LoginViewController.h */,
				58F878421BCD75450097F014 /* LoginViewController.m */,
				58223AC11B69571C00F0DF97 /* ChannelListViewController.h */,
				58223AC21B69571C00F0DF97 /* ChannelListViewController.m */,
				583D81441B6FA82E00BF3C56 /* ChannelTableViewCell.h */,
				583D81451B6FA82E00BF3C56 /* ChannelTableViewCell.m */,
				58D5090E1B7B78D20093B5F1 /* ChannelViewController.h */,
				58D5090F1B7B78D20093B5F1 /* ChannelViewController.m */,
				58D509111B7B7AF00093B5F1 /* MessageTableViewCell.h */,
				58D509121B7B7AF00093B5F1 /* MessageTableViewCell.m */,
				58FCC7951F33AEF1007A4E0D /* ImageMessageTableViewCell.h */,
				58FCC7961F33AEF1007A4E0D /* ImageMessageTableViewCell.m */,
				58652D031BC5BBC800250FEA /* MemberTypingTableViewCell.h */,
				58652D041BC5BBC800250FEA /* MemberTypingTableViewCell.m */,
				581B5C891C7FC8A800F16460 /* SeenByTableViewCell.h */,
				581B5C8A1C7FC8A800F16460 /* SeenByTableViewCell.m */,
				58223AC41B69571C00F0DF97 /* Main.storyboard */,
				58223AC71B69571C00F0DF97 /* Images.xcassets */,
				58223AC91B69571C00F0DF97 /* LaunchScreen.xib */,
				58223ABA1B69571C00F0DF97 /* Supporting Files */,
				58FB4B1E1B8E5A8800DDF5B8 /* DemoHelpers.h */,
				58FB4B1F1B8E5A8800DDF5B8 /* DemoHelpers.m */,
				58E2F6421DA8209D00A5F23C /* ChatManager.h */,
				58E2F6411DA8209D00A5F23C /* ChatManager.m */,
				584C058E1D204EA000F0DBC9 /* ReactionView.h */,
				584C058F1D204EA000F0DBC9 /* ReactionView.m */,
				58083A511D20635A008ECE1E /* ReactionsView.h */,
				58083A521D20635A008ECE1E /* ReactionsView.m */,
				58083A571D22D84A008ECE1E /* UserListViewController.h */,
				58083A581D22D84A008ECE1E /* UserListViewController.m */,
				583660161DDA4F51004D6B1D /* PublicChannelListViewController.h */,
				583660171DDA4F51004D6B1D /* PublicChannelListViewController.m */,
			);
			path = "Demo-ObjC";
			sourceTree = "<group>";
		};
		58223ABA1B69571C00F0DF97 /* Supporting Files */ = {
			isa = PBXGroup;
			children = (
				58223ABB1B69571C00F0DF97 /* Info.plist */,
				58223ABC1B69571C00F0DF97 /* main.m */,
			);
			name = "Supporting Files";
			sourceTree = "<group>";
		};
		CF30C65ACB146D618A99C745 /* Frameworks */ = {
			isa = PBXGroup;
			children = (
				36AA7AAB0C32FA13C5B728A3 /* libPods-Demo-ObjC.a */,
			);
			name = Frameworks;
			sourceTree = "<group>";
		};
/* End PBXGroup section */

/* Begin PBXNativeTarget section */
		58223AB61B69571C00F0DF97 /* Demo-ObjC */ = {
			isa = PBXNativeTarget;
			buildConfigurationList = 58223ADA1B69571C00F0DF97 /* Build configuration list for PBXNativeTarget "Demo-ObjC" */;
			buildPhases = (
				4582C20D28C2B9F3C7A33BAB /* [CP] Check Pods Manifest.lock */,
				58223AB31B69571C00F0DF97 /* Sources */,
				58223AB41B69571C00F0DF97 /* Frameworks */,
				58223AB51B69571C00F0DF97 /* Resources */,
				D02D32930AC077F7A3658F20 /* [CP] Embed Pods Frameworks */,
			);
			buildRules = (
			);
			dependencies = (
			);
			name = "Demo-ObjC";
			productName = "Demo-ObjC";
			productReference = 58223AB71B69571C00F0DF97 /* Demo-ObjC.app */;
			productType = "com.apple.product-type.application";
		};
/* End PBXNativeTarget section */

/* Begin PBXProject section */
		58223AAF1B69571C00F0DF97 /* Project object */ = {
			isa = PBXProject;
			attributes = {
				LastUpgradeCheck = 1130;
				ORGANIZATIONNAME = Twilio;
				TargetAttributes = {
					58223AB61B69571C00F0DF97 = {
						CreatedOnToolsVersion = 6.4;
						ProvisioningStyle = Automatic;
					};
				};
			};
			buildConfigurationList = 58223AB21B69571C00F0DF97 /* Build configuration list for PBXProject "Demo-ObjC" */;
			compatibilityVersion = "Xcode 3.2";
			developmentRegion = en;
			hasScannedForEncodings = 0;
			knownRegions = (
				en,
				Base,
			);
			mainGroup = 58223AAE1B69571C00F0DF97;
			productRefGroup = 58223AB81B69571C00F0DF97 /* Products */;
			projectDirPath = "";
			projectRoot = "";
			targets = (
				58223AB61B69571C00F0DF97 /* Demo-ObjC */,
			);
		};
/* End PBXProject section */

/* Begin PBXResourcesBuildPhase section */
		58223AB51B69571C00F0DF97 /* Resources */ = {
			isa = PBXResourcesBuildPhase;
			buildActionMask = 2147483647;
			files = (
				58223AC61B69571C00F0DF97 /* Main.storyboard in Resources */,
				58223ACB1B69571C00F0DF97 /* LaunchScreen.xib in Resources */,
				58223AC81B69571C00F0DF97 /* Images.xcassets in Resources */,
			);
			runOnlyForDeploymentPostprocessing = 0;
		};
/* End PBXResourcesBuildPhase section */

/* Begin PBXShellScriptBuildPhase section */
		4582C20D28C2B9F3C7A33BAB /* [CP] Check Pods Manifest.lock */ = {
			isa = PBXShellScriptBuildPhase;
			buildActionMask = 2147483647;
			files = (
			);
			inputFileListPaths = (
			);
			inputPaths = (
				"${PODS_PODFILE_DIR_PATH}/Podfile.lock",
				"${PODS_ROOT}/Manifest.lock",
			);
			name = "[CP] Check Pods Manifest.lock";
			outputFileListPaths = (
			);
			outputPaths = (
				"$(DERIVED_FILE_DIR)/Pods-Demo-ObjC-checkManifestLockResult.txt",
			);
			runOnlyForDeploymentPostprocessing = 0;
			shellPath = /bin/sh;
			shellScript = "diff \"${PODS_PODFILE_DIR_PATH}/Podfile.lock\" \"${PODS_ROOT}/Manifest.lock\" > /dev/null\nif [ $? != 0 ] ; then\n    # print error to STDERR\n    echo \"error: The sandbox is not in sync with the Podfile.lock. Run 'pod install' or update your CocoaPods installation.\" >&2\n    exit 1\nfi\n# This output is used by Xcode 'outputs' to avoid re-running this script phase.\necho \"SUCCESS\" > \"${SCRIPT_OUTPUT_FILE_0}\"\n";
			showEnvVarsInLog = 0;
		};
		D02D32930AC077F7A3658F20 /* [CP] Embed Pods Frameworks */ = {
			isa = PBXShellScriptBuildPhase;
			buildActionMask = 2147483647;
			files = (
			);
			inputPaths = (
				"${PODS_ROOT}/Target Support Files/Pods-Demo-ObjC/Pods-Demo-ObjC-frameworks.sh",
				"${PODS_ROOT}/TwilioChatClient/TwilioChatClient.framework",
			);
			name = "[CP] Embed Pods Frameworks";
			outputPaths = (
				"${TARGET_BUILD_DIR}/${FRAMEWORKS_FOLDER_PATH}/TwilioChatClient.framework",
			);
			runOnlyForDeploymentPostprocessing = 0;
			shellPath = /bin/sh;
			shellScript = "\"${PODS_ROOT}/Target Support Files/Pods-Demo-ObjC/Pods-Demo-ObjC-frameworks.sh\"\n";
			showEnvVarsInLog = 0;
		};
/* End PBXShellScriptBuildPhase section */

/* Begin PBXSourcesBuildPhase section */
		58223AB31B69571C00F0DF97 /* Sources */ = {
			isa = PBXSourcesBuildPhase;
			buildActionMask = 2147483647;
			files = (
				58FB4B201B8E5A8800DDF5B8 /* DemoHelpers.m in Sources */,
				58FCC7971F33AEF1007A4E0D /* ImageMessageTableViewCell.m in Sources */,
				581B5C8B1C7FC8A800F16460 /* SeenByTableViewCell.m in Sources */,
				58223AC31B69571C00F0DF97 /* ChannelListViewController.m in Sources */,
				58D509101B7B78D20093B5F1 /* ChannelViewController.m in Sources */,
				58083A531D20635A008ECE1E /* ReactionsView.m in Sources */,
				583D81461B6FA82E00BF3C56 /* ChannelTableViewCell.m in Sources */,
				58F878431BCD75450097F014 /* LoginViewController.m in Sources */,
				58652D051BC5BBC800250FEA /* MemberTypingTableViewCell.m in Sources */,
				58223AC01B69571C00F0DF97 /* AppDelegate.m in Sources */,
				58E2F6431DA8209D00A5F23C /* ChatManager.m in Sources */,
				58223ABD1B69571C00F0DF97 /* main.m in Sources */,
				584C05901D204EA000F0DBC9 /* ReactionView.m in Sources */,
				583660181DDA4F51004D6B1D /* PublicChannelListViewController.m in Sources */,
				58D509131B7B7AF00093B5F1 /* MessageTableViewCell.m in Sources */,
				58083A591D22D84A008ECE1E /* UserListViewController.m in Sources */,
			);
			runOnlyForDeploymentPostprocessing = 0;
		};
/* End PBXSourcesBuildPhase section */

/* Begin PBXVariantGroup section */
		58223AC41B69571C00F0DF97 /* Main.storyboard */ = {
			isa = PBXVariantGroup;
			children = (
				58223AC51B69571C00F0DF97 /* Base */,
			);
			name = Main.storyboard;
			sourceTree = "<group>";
		};
		58223AC91B69571C00F0DF97 /* LaunchScreen.xib */ = {
			isa = PBXVariantGroup;
			children = (
				58223ACA1B69571C00F0DF97 /* Base */,
			);
			name = LaunchScreen.xib;
			sourceTree = "<group>";
		};
/* End PBXVariantGroup section */

/* Begin XCBuildConfiguration section */
		58223AD81B69571C00F0DF97 /* Debug */ = {
			isa = XCBuildConfiguration;
			buildSettings = {
				ALWAYS_SEARCH_USER_PATHS = NO;
				CLANG_ANALYZER_LOCALIZABILITY_NONLOCALIZED = YES;
				CLANG_CXX_LANGUAGE_STANDARD = "gnu++0x";
				CLANG_CXX_LIBRARY = "libc++";
				CLANG_ENABLE_MODULES = YES;
				CLANG_ENABLE_OBJC_ARC = YES;
				CLANG_WARN_BLOCK_CAPTURE_AUTORELEASING = YES;
				CLANG_WARN_BOOL_CONVERSION = YES;
				CLANG_WARN_COMMA = YES;
				CLANG_WARN_CONSTANT_CONVERSION = YES;
				CLANG_WARN_DEPRECATED_OBJC_IMPLEMENTATIONS = YES;
				CLANG_WARN_DIRECT_OBJC_ISA_USAGE = YES_ERROR;
				CLANG_WARN_EMPTY_BODY = YES;
				CLANG_WARN_ENUM_CONVERSION = YES;
				CLANG_WARN_INFINITE_RECURSION = YES;
				CLANG_WARN_INT_CONVERSION = YES;
				CLANG_WARN_NON_LITERAL_NULL_CONVERSION = YES;
				CLANG_WARN_OBJC_IMPLICIT_RETAIN_SELF = YES;
				CLANG_WARN_OBJC_LITERAL_CONVERSION = YES;
				CLANG_WARN_OBJC_ROOT_CLASS = YES_ERROR;
				CLANG_WARN_RANGE_LOOP_ANALYSIS = YES;
				CLANG_WARN_STRICT_PROTOTYPES = YES;
				CLANG_WARN_SUSPICIOUS_MOVE = YES;
				CLANG_WARN_UNREACHABLE_CODE = YES;
				CLANG_WARN__DUPLICATE_METHOD_MATCH = YES;
				"CODE_SIGN_IDENTITY[sdk=iphoneos*]" = "iPhone Developer";
				COPY_PHASE_STRIP = NO;
				DEBUG_INFORMATION_FORMAT = "dwarf-with-dsym";
				ENABLE_BITCODE = NO;
				ENABLE_STRICT_OBJC_MSGSEND = YES;
				ENABLE_TESTABILITY = YES;
				GCC_C_LANGUAGE_STANDARD = gnu99;
				GCC_DYNAMIC_NO_PIC = NO;
				GCC_NO_COMMON_BLOCKS = YES;
				GCC_OPTIMIZATION_LEVEL = 0;
				GCC_PREPROCESSOR_DEFINITIONS = (
					"DEBUG=1",
					"$(inherited)",
				);
				GCC_SYMBOLS_PRIVATE_EXTERN = NO;
				GCC_WARN_64_TO_32_BIT_CONVERSION = YES;
				GCC_WARN_ABOUT_RETURN_TYPE = YES_ERROR;
				GCC_WARN_UNDECLARED_SELECTOR = YES;
				GCC_WARN_UNINITIALIZED_AUTOS = YES_AGGRESSIVE;
				GCC_WARN_UNUSED_FUNCTION = YES;
				GCC_WARN_UNUSED_VARIABLE = YES;
				IPHONEOS_DEPLOYMENT_TARGET = 9.0;
				MTL_ENABLE_DEBUG_INFO = YES;
				ONLY_ACTIVE_ARCH = YES;
				SDKROOT = iphoneos;
				TARGETED_DEVICE_FAMILY = "1,2";
			};
			name = Debug;
		};
		58223AD91B69571C00F0DF97 /* Release */ = {
			isa = XCBuildConfiguration;
			buildSettings = {
				ALWAYS_SEARCH_USER_PATHS = NO;
				CLANG_ANALYZER_LOCALIZABILITY_NONLOCALIZED = YES;
				CLANG_CXX_LANGUAGE_STANDARD = "gnu++0x";
				CLANG_CXX_LIBRARY = "libc++";
				CLANG_ENABLE_MODULES = YES;
				CLANG_ENABLE_OBJC_ARC = YES;
				CLANG_WARN_BLOCK_CAPTURE_AUTORELEASING = YES;
				CLANG_WARN_BOOL_CONVERSION = YES;
				CLANG_WARN_COMMA = YES;
				CLANG_WARN_CONSTANT_CONVERSION = YES;
				CLANG_WARN_DEPRECATED_OBJC_IMPLEMENTATIONS = YES;
				CLANG_WARN_DIRECT_OBJC_ISA_USAGE = YES_ERROR;
				CLANG_WARN_EMPTY_BODY = YES;
				CLANG_WARN_ENUM_CONVERSION = YES;
				CLANG_WARN_INFINITE_RECURSION = YES;
				CLANG_WARN_INT_CONVERSION = YES;
				CLANG_WARN_NON_LITERAL_NULL_CONVERSION = YES;
				CLANG_WARN_OBJC_IMPLICIT_RETAIN_SELF = YES;
				CLANG_WARN_OBJC_LITERAL_CONVERSION = YES;
				CLANG_WARN_OBJC_ROOT_CLASS = YES_ERROR;
				CLANG_WARN_RANGE_LOOP_ANALYSIS = YES;
				CLANG_WARN_STRICT_PROTOTYPES = YES;
				CLANG_WARN_SUSPICIOUS_MOVE = YES;
				CLANG_WARN_UNREACHABLE_CODE = YES;
				CLANG_WARN__DUPLICATE_METHOD_MATCH = YES;
				"CODE_SIGN_IDENTITY[sdk=iphoneos*]" = "iPhone Developer";
				COPY_PHASE_STRIP = NO;
				DEBUG_INFORMATION_FORMAT = "dwarf-with-dsym";
				ENABLE_BITCODE = NO;
				ENABLE_NS_ASSERTIONS = NO;
				ENABLE_STRICT_OBJC_MSGSEND = YES;
				GCC_C_LANGUAGE_STANDARD = gnu99;
				GCC_NO_COMMON_BLOCKS = YES;
				GCC_WARN_64_TO_32_BIT_CONVERSION = YES;
				GCC_WARN_ABOUT_RETURN_TYPE = YES_ERROR;
				GCC_WARN_UNDECLARED_SELECTOR = YES;
				GCC_WARN_UNINITIALIZED_AUTOS = YES_AGGRESSIVE;
				GCC_WARN_UNUSED_FUNCTION = YES;
				GCC_WARN_UNUSED_VARIABLE = YES;
				IPHONEOS_DEPLOYMENT_TARGET = 9.0;
				MTL_ENABLE_DEBUG_INFO = NO;
				SDKROOT = iphoneos;
				TARGETED_DEVICE_FAMILY = "1,2";
				VALIDATE_PRODUCT = YES;
			};
			name = Release;
		};
		58223ADB1B69571C00F0DF97 /* Debug */ = {
			isa = XCBuildConfiguration;
			baseConfigurationReference = 54AFEE10F4AE436CBB4FBD73 /* Pods-Demo-ObjC.debug.xcconfig */;
			buildSettings = {
				ASSETCATALOG_COMPILER_APPICON_NAME = AppIcon;
				"CODE_SIGN_IDENTITY[sdk=iphoneos*]" = "iPhone Developer";
				DEVELOPMENT_TEAM = "";
				FRAMEWORK_SEARCH_PATHS = (
					"$(inherited)",
					..,
				);
				INFOPLIST_FILE = "Demo-ObjC/Info.plist";
				IPHONEOS_DEPLOYMENT_TARGET = 11.0;
				LD_RUNPATH_SEARCH_PATHS = "$(inherited) @executable_path/Frameworks";
				PRODUCT_BUNDLE_IDENTIFIER = "com.twilio.ipmessaging.client.$(PRODUCT_NAME:rfc1034identifier)";
				PRODUCT_NAME = "$(TARGET_NAME)";
				USE_HEADERMAP = NO;
			};
			name = Debug;
		};
		58223ADC1B69571C00F0DF97 /* Release */ = {
			isa = XCBuildConfiguration;
			baseConfigurationReference = 0CC808D0D742EE6DEDEA0CCD /* Pods-Demo-ObjC.release.xcconfig */;
			buildSettings = {
				ASSETCATALOG_COMPILER_APPICON_NAME = AppIcon;
				"CODE_SIGN_IDENTITY[sdk=iphoneos*]" = "iPhone Developer";
				DEVELOPMENT_TEAM = "";
				FRAMEWORK_SEARCH_PATHS = (
					"$(inherited)",
					..,
				);
				INFOPLIST_FILE = "Demo-ObjC/Info.plist";
				IPHONEOS_DEPLOYMENT_TARGET = 11.0;
				LD_RUNPATH_SEARCH_PATHS = "$(inherited) @executable_path/Frameworks";
				PRODUCT_BUNDLE_IDENTIFIER = "com.twilio.ipmessaging.client.$(PRODUCT_NAME:rfc1034identifier)";
				PRODUCT_NAME = "$(TARGET_NAME)";
				USE_HEADERMAP = NO;
			};
			name = Release;
		};
/* End XCBuildConfiguration section */

/* Begin XCConfigurationList section */
		58223AB21B69571C00F0DF97 /* Build configuration list for PBXProject "Demo-ObjC" */ = {
			isa = XCConfigurationList;
			buildConfigurations = (
				58223AD81B69571C00F0DF97 /* Debug */,
				58223AD91B69571C00F0DF97 /* Release */,
			);
			defaultConfigurationIsVisible = 0;
			defaultConfigurationName = Release;
		};
		58223ADA1B69571C00F0DF97 /* Build configuration list for PBXNativeTarget "Demo-ObjC" */ = {
			isa = XCConfigurationList;
			buildConfigurations = (
				58223ADB1B69571C00F0DF97 /* Debug */,
				58223ADC1B69571C00F0DF97 /* Release */,
			);
			defaultConfigurationIsVisible = 0;
			defaultConfigurationName = Release;
		};
/* End XCConfigurationList section */
	};
	rootObject = 58223AAF1B69571C00F0DF97 /* Project object */;
}
